Microsoft Visual Studio Solution File, Format Version 12.00
# Visual Studio Version 17
VisualStudioVersion = 17.0.32014.148
MinimumVisualStudioVersion = 10.0.40219.1
Project("{9A19103F-16F7-4668-BE54-9A1E7A4F7556}") = "Home.Core", "Home.Core\Home.Core.csproj", "{BE02AFDC-D16D-44FD-AE75-39D5D0B1D92E}"
EndProject
Project("{9A19103F-16F7-4668-BE54-9A1E7A4F7556}") = "Home.Devices.Zigbee", "Home.Devices.Zigbee\Home.Devices.Zigbee.csproj", "{BDCA2215-AAE7-49B9-9210-2696492F576E}"
EndProject
Project("{9A19103F-16F7-4668-BE54-9A1E7A4F7556}") = "Home.Web", "Home.Web\Home.Web.csproj", "{0A8A58CC-7627-44F9-9EA2-7888510070AC}"
EndProject
Project("{9A19103F-16F7-4668-BE54-9A1E7A4F7556}") = "Home.Automations", "Home.Automations\Home.Automations.csproj", "{825B9801-BE5D-49EC-9312-09DA34E89D54}"
EndProject
Project("{9A19103F-16F7-4668-BE54-9A1E7A4F7556}") = "Home.Devices.Logo", "Home.Devices.Logo\Home.Devices.Logo.csproj", "{D4FB0AD0-EAFF-4984-9842-6126994EF8CE}"
EndProject
Project("{9A19103F-16F7-4668-BE54-9A1E7A4F7556}") = "Home.Devices.Hue", "Home.Devices.Hue\Home.Devices.Hue.csproj", "{15E3E21B-42BE-4431-B524-B4535F3536C7}"
EndProject
Project("{9A19103F-16F7-4668-BE54-9A1E7A4F7556}") = "Home.Generator", "Home.Generator\Home.Generator.csproj", "{E5D978E7-D9CD-41F5-A7B5-F351679852B4}"
EndProject
Project("{9A19103F-16F7-4668-BE54-9A1E7A4F7556}") = "Home.Telemetry", "Home.Telemetry\Home.Telemetry.csproj", "{9484FFFA-DD78-462E-A467-272D1A94D843}"
EndProject
Project("{9A19103F-16F7-4668-BE54-9A1E7A4F7556}") = "Home.Devices.SolarEdge", "Home.Devices.SolarEdge\Home.Devices.SolarEdge.csproj", "{08FB89A3-0F5B-4355-AFDE-C8E5C49EA9A2}"
EndProject
Project("{9A19103F-16F7-4668-BE54-9A1E7A4F7556}") = "Home.Devices.Tuya", "Home.Devices.Tuya\Home.Devices.Tuya.csproj", "{D86181EE-C779-4D09-95D2-36370621B6C6}"
EndProject
Project("{9A19103F-16F7-4668-BE54-9A1E7A4F7556}") = "Home.Remote", "Home.Remote\Home.Remote.csproj", "{6B137420-7922-4750-A356-3A24CA611176}"
EndProject
Project("{9A19103F-16F7-4668-BE54-9A1E7A4F7556}") = "Home.Remote.Functions", "Home.Remote.Functions\Home.Remote.Functions.csproj", "{12ED41B6-00DC-41AF-8B40-758D75F64101}"
EndProject
Project("{9A19103F-16F7-4668-BE54-9A1E7A4F7556}") = "Home.Devices.Somfy", "Home.Devices.Somfy\Home.Devices.Somfy.csproj", "{33B7FC99-33B1-4CC2-8FDD-3F9F563526DB}"
EndProject
Project("{9A19103F-16F7-4668-BE54-9A1E7A4F7556}") = "Home.Devices.Unifi", "Home.Devices.Unifi\Home.Devices.Unifi.csproj", "{27729980-E695-40C7-B6F6-C39F03C7F2CF}"
EndProject
Project("{2150E333-8FDC-42A3-9474-1A3956D46DE8}") = "Solution Items", "Solution Items", "{F3766578-22D7-4C0F-911E-4695F16CB9B3}"
	ProjectSection(SolutionItems) = preProject
		..\..\CHANGELOG.md = ..\..\CHANGELOG.md
		..\..\config\config-local.yaml = ..\..\config\config-local.yaml
		..\..\config\config.yaml = ..\..\config\config.yaml
		..\..\config\secrets.yaml = ..\..\config\secrets.yaml
	EndProjectSection
EndProject
Project("{9A19103F-16F7-4668-BE54-9A1E7A4F7556}") = "Home.Devices.Meta", "Home.Devices.Meta\Home.Devices.Meta.csproj", "{6296DCCB-144F-468F-8CD8-E954D7159C03}"
EndProject
Project("{9A19103F-16F7-4668-BE54-9A1E7A4F7556}") = "Home.Devices.HomeWizard", "Home.Devices.HomeWizard\Home.Devices.HomeWizard.csproj", "{F77C74A8-4C78-4728-B49E-6C059C3CACA5}"
EndProject
Global
	GlobalSection(SolutionConfigurationPlatforms) = preSolution
		Debug|Any CPU = Debug|Any CPU
		Debug|x64 = Debug|x64
		Debug|x86 = Debug|x86
		Release|Any CPU = Release|Any CPU
		Release|x64 = Release|x64
		Release|x86 = Release|x86
	EndGlobalSection
	GlobalSection(ProjectConfigurationPlatforms) = postSolution
		{BE02AFDC-D16D-44FD-AE75-39D5D0B1D92E}.Debug|Any CPU.ActiveCfg = Debug|Any CPU
		{BE02AFDC-D16D-44FD-AE75-39D5D0B1D92E}.Debug|Any CPU.Build.0 = Debug|Any CPU
		{BE02AFDC-D16D-44FD-AE75-39D5D0B1D92E}.Debug|x64.ActiveCfg = Debug|Any CPU
		{BE02AFDC-D16D-44FD-AE75-39D5D0B1D92E}.Debug|x64.Build.0 = Debug|Any CPU
		{BE02AFDC-D16D-44FD-AE75-39D5D0B1D92E}.Debug|x86.ActiveCfg = Debug|Any CPU
		{BE02AFDC-D16D-44FD-AE75-39D5D0B1D92E}.Debug|x86.Build.0 = Debug|Any CPU
		{BE02AFDC-D16D-44FD-AE75-39D5D0B1D92E}.Release|Any CPU.ActiveCfg = Release|Any CPU
		{BE02AFDC-D16D-44FD-AE75-39D5D0B1D92E}.Release|Any CPU.Build.0 = Release|Any CPU
		{BE02AFDC-D16D-44FD-AE75-39D5D0B1D92E}.Release|x64.ActiveCfg = Release|Any CPU
		{BE02AFDC-D16D-44FD-AE75-39D5D0B1D92E}.Release|x64.Build.0 = Release|Any CPU
		{BE02AFDC-D16D-44FD-AE75-39D5D0B1D92E}.Release|x86.ActiveCfg = Release|Any CPU
		{BE02AFDC-D16D-44FD-AE75-39D5D0B1D92E}.Release|x86.Build.0 = Release|Any CPU
		{BDCA2215-AAE7-49B9-9210-2696492F576E}.Debug|Any CPU.ActiveCfg = Debug|Any CPU
		{BDCA2215-AAE7-49B9-9210-2696492F576E}.Debug|Any CPU.Build.0 = Debug|Any CPU
		{BDCA2215-AAE7-49B9-9210-2696492F576E}.Debug|x64.ActiveCfg = Debug|Any CPU
		{BDCA2215-AAE7-49B9-9210-2696492F576E}.Debug|x64.Build.0 = Debug|Any CPU
		{BDCA2215-AAE7-49B9-9210-2696492F576E}.Debug|x86.ActiveCfg = Debug|Any CPU
		{BDCA2215-AAE7-49B9-9210-2696492F576E}.Debug|x86.Build.0 = Debug|Any CPU
		{BDCA2215-AAE7-49B9-9210-2696492F576E}.Release|Any CPU.ActiveCfg = Release|Any CPU
		{BDCA2215-AAE7-49B9-9210-2696492F576E}.Release|Any CPU.Build.0 = Release|Any CPU
		{BDCA2215-AAE7-49B9-9210-2696492F576E}.Release|x64.ActiveCfg = Release|Any CPU
		{BDCA2215-AAE7-49B9-9210-2696492F576E}.Release|x64.Build.0 = Release|Any CPU
		{BDCA2215-AAE7-49B9-9210-2696492F576E}.Release|x86.ActiveCfg = Release|Any CPU
		{BDCA2215-AAE7-49B9-9210-2696492F576E}.Release|x86.Build.0 = Release|Any CPU
		{0A8A58CC-7627-44F9-9EA2-7888510070AC}.Debug|Any CPU.ActiveCfg = Debug|Any CPU
		{0A8A58CC-7627-44F9-9EA2-7888510070AC}.Debug|Any CPU.Build.0 = Debug|Any CPU
		{0A8A58CC-7627-44F9-9EA2-7888510070AC}.Debug|x64.ActiveCfg = Debug|Any CPU
		{0A8A58CC-7627-44F9-9EA2-7888510070AC}.Debug|x64.Build.0 = Debug|Any CPU
		{0A8A58CC-7627-44F9-9EA2-7888510070AC}.Debug|x86.ActiveCfg = Debug|Any CPU
		{0A8A58CC-7627-44F9-9EA2-7888510070AC}.Debug|x86.Build.0 = Debug|Any CPU
		{0A8A58CC-7627-44F9-9EA2-7888510070AC}.Release|Any CPU.ActiveCfg = Release|Any CPU
		{0A8A58CC-7627-44F9-9EA2-7888510070AC}.Release|Any CPU.Build.0 = Release|Any CPU
		{0A8A58CC-7627-44F9-9EA2-7888510070AC}.Release|x64.ActiveCfg = Release|Any CPU
		{0A8A58CC-7627-44F9-9EA2-7888510070AC}.Release|x64.Build.0 = Release|Any CPU
		{0A8A58CC-7627-44F9-9EA2-7888510070AC}.Release|x86.ActiveCfg = Release|Any CPU
		{0A8A58CC-7627-44F9-9EA2-7888510070AC}.Release|x86.Build.0 = Release|Any CPU
		{825B9801-BE5D-49EC-9312-09DA34E89D54}.Debug|Any CPU.ActiveCfg = Debug|Any CPU
		{825B9801-BE5D-49EC-9312-09DA34E89D54}.Debug|Any CPU.Build.0 = Debug|Any CPU
		{825B9801-BE5D-49EC-9312-09DA34E89D54}.Debug|x64.ActiveCfg = Debug|Any CPU
		{825B9801-BE5D-49EC-9312-09DA34E89D54}.Debug|x64.Build.0 = Debug|Any CPU
		{825B9801-BE5D-49EC-9312-09DA34E89D54}.Debug|x86.ActiveCfg = Debug|Any CPU
		{825B9801-BE5D-49EC-9312-09DA34E89D54}.Debug|x86.Build.0 = Debug|Any CPU
		{825B9801-BE5D-49EC-9312-09DA34E89D54}.Release|Any CPU.ActiveCfg = Release|Any CPU
		{825B9801-BE5D-49EC-9312-09DA34E89D54}.Release|Any CPU.Build.0 = Release|Any CPU
		{825B9801-BE5D-49EC-9312-09DA34E89D54}.Release|x64.ActiveCfg = Release|Any CPU
		{825B9801-BE5D-49EC-9312-09DA34E89D54}.Release|x64.Build.0 = Release|Any CPU
		{825B9801-BE5D-49EC-9312-09DA34E89D54}.Release|x86.ActiveCfg = Release|Any CPU
		{825B9801-BE5D-49EC-9312-09DA34E89D54}.Release|x86.Build.0 = Release|Any CPU
		{D4FB0AD0-EAFF-4984-9842-6126994EF8CE}.Debug|Any CPU.ActiveCfg = Debug|Any CPU
		{D4FB0AD0-EAFF-4984-9842-6126994EF8CE}.Debug|Any CPU.Build.0 = Debug|Any CPU
		{D4FB0AD0-EAFF-4984-9842-6126994EF8CE}.Debug|x64.ActiveCfg = Debug|Any CPU
		{D4FB0AD0-EAFF-4984-9842-6126994EF8CE}.Debug|x64.Build.0 = Debug|Any CPU
		{D4FB0AD0-EAFF-4984-9842-6126994EF8CE}.Debug|x86.ActiveCfg = Debug|Any CPU
		{D4FB0AD0-EAFF-4984-9842-6126994EF8CE}.Debug|x86.Build.0 = Debug|Any CPU
		{D4FB0AD0-EAFF-4984-9842-6126994EF8CE}.Release|Any CPU.ActiveCfg = Release|Any CPU
		{D4FB0AD0-EAFF-4984-9842-6126994EF8CE}.Release|Any CPU.Build.0 = Release|Any CPU
		{D4FB0AD0-EAFF-4984-9842-6126994EF8CE}.Release|x64.ActiveCfg = Release|Any CPU
		{D4FB0AD0-EAFF-4984-9842-6126994EF8CE}.Release|x64.Build.0 = Release|Any CPU
		{D4FB0AD0-EAFF-4984-9842-6126994EF8CE}.Release|x86.ActiveCfg = Release|Any CPU
		{D4FB0AD0-EAFF-4984-9842-6126994EF8CE}.Release|x86.Build.0 = Release|Any CPU
		{15E3E21B-42BE-4431-B524-B4535F3536C7}.Debug|Any CPU.ActiveCfg = Debug|Any CPU
		{15E3E21B-42BE-4431-B524-B4535F3536C7}.Debug|Any CPU.Build.0 = Debug|Any CPU
		{15E3E21B-42BE-4431-B524-B4535F3536C7}.Debug|x64.ActiveCfg = Debug|Any CPU
		{15E3E21B-42BE-4431-B524-B4535F3536C7}.Debug|x64.Build.0 = Debug|Any CPU
		{15E3E21B-42BE-4431-B524-B4535F3536C7}.Debug|x86.ActiveCfg = Debug|Any CPU
		{15E3E21B-42BE-4431-B524-B4535F3536C7}.Debug|x86.Build.0 = Debug|Any CPU
		{15E3E21B-42BE-4431-B524-B4535F3536C7}.Release|Any CPU.ActiveCfg = Release|Any CPU
		{15E3E21B-42BE-4431-B524-B4535F3536C7}.Release|Any CPU.Build.0 = Release|Any CPU
		{15E3E21B-42BE-4431-B524-B4535F3536C7}.Release|x64.ActiveCfg = Release|Any CPU
		{15E3E21B-42BE-4431-B524-B4535F3536C7}.Release|x64.Build.0 = Release|Any CPU
		{15E3E21B-42BE-4431-B524-B4535F3536C7}.Release|x86.ActiveCfg = Release|Any CPU
		{15E3E21B-42BE-4431-B524-B4535F3536C7}.Release|x86.Build.0 = Release|Any CPU
		{E5D978E7-D9CD-41F5-A7B5-F351679852B4}.Debug|Any CPU.ActiveCfg = Debug|Any CPU
		{E5D978E7-D9CD-41F5-A7B5-F351679852B4}.Debug|Any CPU.Build.0 = Debug|Any CPU
		{E5D978E7-D9CD-41F5-A7B5-F351679852B4}.Debug|x64.ActiveCfg = Debug|Any CPU
		{E5D978E7-D9CD-41F5-A7B5-F351679852B4}.Debug|x64.Build.0 = Debug|Any CPU
		{E5D978E7-D9CD-41F5-A7B5-F351679852B4}.Debug|x86.ActiveCfg = Debug|Any CPU
		{E5D978E7-D9CD-41F5-A7B5-F351679852B4}.Debug|x86.Build.0 = Debug|Any CPU
		{E5D978E7-D9CD-41F5-A7B5-F351679852B4}.Release|Any CPU.ActiveCfg = Release|Any CPU
		{E5D978E7-D9CD-41F5-A7B5-F351679852B4}.Release|Any CPU.Build.0 = Release|Any CPU
		{E5D978E7-D9CD-41F5-A7B5-F351679852B4}.Release|x64.ActiveCfg = Release|Any CPU
		{E5D978E7-D9CD-41F5-A7B5-F351679852B4}.Release|x64.Build.0 = Release|Any CPU
		{E5D978E7-D9CD-41F5-A7B5-F351679852B4}.Release|x86.ActiveCfg = Release|Any CPU
		{E5D978E7-D9CD-41F5-A7B5-F351679852B4}.Release|x86.Build.0 = Release|Any CPU
		{9484FFFA-DD78-462E-A467-272D1A94D843}.Debug|Any CPU.ActiveCfg = Debug|Any CPU
		{9484FFFA-DD78-462E-A467-272D1A94D843}.Debug|Any CPU.Build.0 = Debug|Any CPU
		{9484FFFA-DD78-462E-A467-272D1A94D843}.Debug|x64.ActiveCfg = Debug|Any CPU
		{9484FFFA-DD78-462E-A467-272D1A94D843}.Debug|x64.Build.0 = Debug|Any CPU
		{9484FFFA-DD78-462E-A467-272D1A94D843}.Debug|x86.ActiveCfg = Debug|Any CPU
		{9484FFFA-DD78-462E-A467-272D1A94D843}.Debug|x86.Build.0 = Debug|Any CPU
		{9484FFFA-DD78-462E-A467-272D1A94D843}.Release|Any CPU.ActiveCfg = Release|Any CPU
		{9484FFFA-DD78-462E-A467-272D1A94D843}.Release|Any CPU.Build.0 = Release|Any CPU
		{9484FFFA-DD78-462E-A467-272D1A94D843}.Release|x64.ActiveCfg = Release|Any CPU
		{9484FFFA-DD78-462E-A467-272D1A94D843}.Release|x64.Build.0 = Release|Any CPU
		{9484FFFA-DD78-462E-A467-272D1A94D843}.Release|x86.ActiveCfg = Release|Any CPU
		{9484FFFA-DD78-462E-A467-272D1A94D843}.Release|x86.Build.0 = Release|Any CPU
		{08FB89A3-0F5B-4355-AFDE-C8E5C49EA9A2}.Debug|Any CPU.ActiveCfg = Debug|Any CPU
		{08FB89A3-0F5B-4355-AFDE-C8E5C49EA9A2}.Debug|Any CPU.Build.0 = Debug|Any CPU
		{08FB89A3-0F5B-4355-AFDE-C8E5C49EA9A2}.Debug|x64.ActiveCfg = Debug|Any CPU
		{08FB89A3-0F5B-4355-AFDE-C8E5C49EA9A2}.Debug|x64.Build.0 = Debug|Any CPU
		{08FB89A3-0F5B-4355-AFDE-C8E5C49EA9A2}.Debug|x86.ActiveCfg = Debug|Any CPU
		{08FB89A3-0F5B-4355-AFDE-C8E5C49EA9A2}.Debug|x86.Build.0 = Debug|Any CPU
		{08FB89A3-0F5B-4355-AFDE-C8E5C49EA9A2}.Release|Any CPU.ActiveCfg = Release|Any CPU
		{08FB89A3-0F5B-4355-AFDE-C8E5C49EA9A2}.Release|Any CPU.Build.0 = Release|Any CPU
		{08FB89A3-0F5B-4355-AFDE-C8E5C49EA9A2}.Release|x64.ActiveCfg = Release|Any CPU
		{08FB89A3-0F5B-4355-AFDE-C8E5C49EA9A2}.Release|x64.Build.0 = Release|Any CPU
		{08FB89A3-0F5B-4355-AFDE-C8E5C49EA9A2}.Release|x86.ActiveCfg = Release|Any CPU
		{08FB89A3-0F5B-4355-AFDE-C8E5C49EA9A2}.Release|x86.Build.0 = Release|Any CPU
		{D86181EE-C779-4D09-95D2-36370621B6C6}.Debug|Any CPU.ActiveCfg = Debug|Any CPU
		{D86181EE-C779-4D09-95D2-36370621B6C6}.Debug|Any CPU.Build.0 = Debug|Any CPU
		{D86181EE-C779-4D09-95D2-36370621B6C6}.Debug|x64.ActiveCfg = Debug|Any CPU
		{D86181EE-C779-4D09-95D2-36370621B6C6}.Debug|x64.Build.0 = Debug|Any CPU
		{D86181EE-C779-4D09-95D2-36370621B6C6}.Debug|x86.ActiveCfg = Debug|Any CPU
		{D86181EE-C779-4D09-95D2-36370621B6C6}.Debug|x86.Build.0 = Debug|Any CPU
		{D86181EE-C779-4D09-95D2-36370621B6C6}.Release|Any CPU.ActiveCfg = Release|Any CPU
		{D86181EE-C779-4D09-95D2-36370621B6C6}.Release|Any CPU.Build.0 = Release|Any CPU
		{D86181EE-C779-4D09-95D2-36370621B6C6}.Release|x64.ActiveCfg = Release|Any CPU
		{D86181EE-C779-4D09-95D2-36370621B6C6}.Release|x64.Build.0 = Release|Any CPU
		{D86181EE-C779-4D09-95D2-36370621B6C6}.Release|x86.ActiveCfg = Release|Any CPU
		{D86181EE-C779-4D09-95D2-36370621B6C6}.Release|x86.Build.0 = Release|Any CPU
		{6B137420-7922-4750-A356-3A24CA611176}.Debug|Any CPU.ActiveCfg = Debug|Any CPU
		{6B137420-7922-4750-A356-3A24CA611176}.Debug|Any CPU.Build.0 = Debug|Any CPU
		{6B137420-7922-4750-A356-3A24CA611176}.Debug|x64.ActiveCfg = Debug|Any CPU
		{6B137420-7922-4750-A356-3A24CA611176}.Debug|x64.Build.0 = Debug|Any CPU
		{6B137420-7922-4750-A356-3A24CA611176}.Debug|x86.ActiveCfg = Debug|Any CPU
		{6B137420-7922-4750-A356-3A24CA611176}.Debug|x86.Build.0 = Debug|Any CPU
		{6B137420-7922-4750-A356-3A24CA611176}.Release|Any CPU.ActiveCfg = Release|Any CPU
		{6B137420-7922-4750-A356-3A24CA611176}.Release|Any CPU.Build.0 = Release|Any CPU
		{6B137420-7922-4750-A356-3A24CA611176}.Release|x64.ActiveCfg = Release|Any CPU
		{6B137420-7922-4750-A356-3A24CA611176}.Release|x64.Build.0 = Release|Any CPU
		{6B137420-7922-4750-A356-3A24CA611176}.Release|x86.ActiveCfg = Release|Any CPU
		{6B137420-7922-4750-A356-3A24CA611176}.Release|x86.Build.0 = Release|Any CPU
		{12ED41B6-00DC-41AF-8B40-758D75F64101}.Debug|Any CPU.ActiveCfg = Debug|Any CPU
		{12ED41B6-00DC-41AF-8B40-758D75F64101}.Debug|Any CPU.Build.0 = Debug|Any CPU
		{12ED41B6-00DC-41AF-8B40-758D75F64101}.Debug|x64.ActiveCfg = Debug|Any CPU
		{12ED41B6-00DC-41AF-8B40-758D75F64101}.Debug|x64.Build.0 = Debug|Any CPU
		{12ED41B6-00DC-41AF-8B40-758D75F64101}.Debug|x86.ActiveCfg = Debug|Any CPU
		{12ED41B6-00DC-41AF-8B40-758D75F64101}.Debug|x86.Build.0 = Debug|Any CPU
		{12ED41B6-00DC-41AF-8B40-758D75F64101}.Release|Any CPU.ActiveCfg = Release|Any CPU
		{12ED41B6-00DC-41AF-8B40-758D75F64101}.Release|Any CPU.Build.0 = Release|Any CPU
		{12ED41B6-00DC-41AF-8B40-758D75F64101}.Release|x64.ActiveCfg = Release|Any CPU
		{12ED41B6-00DC-41AF-8B40-758D75F64101}.Release|x64.Build.0 = Release|Any CPU
		{12ED41B6-00DC-41AF-8B40-758D75F64101}.Release|x86.ActiveCfg = Release|Any CPU
		{12ED41B6-00DC-41AF-8B40-758D75F64101}.Release|x86.Build.0 = Release|Any CPU
		{33B7FC99-33B1-4CC2-8FDD-3F9F563526DB}.Debug|Any CPU.ActiveCfg = Debug|Any CPU
		{33B7FC99-33B1-4CC2-8FDD-3F9F563526DB}.Debug|Any CPU.Build.0 = Debug|Any CPU
		{33B7FC99-33B1-4CC2-8FDD-3F9F563526DB}.Debug|x64.ActiveCfg = Debug|Any CPU
		{33B7FC99-33B1-4CC2-8FDD-3F9F563526DB}.Debug|x64.Build.0 = Debug|Any CPU
		{33B7FC99-33B1-4CC2-8FDD-3F9F563526DB}.Debug|x86.ActiveCfg = Debug|Any CPU
		{33B7FC99-33B1-4CC2-8FDD-3F9F563526DB}.Debug|x86.Build.0 = Debug|Any CPU
		{33B7FC99-33B1-4CC2-8FDD-3F9F563526DB}.Release|Any CPU.ActiveCfg = Release|Any CPU
		{33B7FC99-33B1-4CC2-8FDD-3F9F563526DB}.Release|Any CPU.Build.0 = Release|Any CPU
		{33B7FC99-33B1-4CC2-8FDD-3F9F563526DB}.Release|x64.ActiveCfg = Release|Any CPU
		{33B7FC99-33B1-4CC2-8FDD-3F9F563526DB}.Release|x64.Build.0 = Release|Any CPU
		{33B7FC99-33B1-4CC2-8FDD-3F9F563526DB}.Release|x86.ActiveCfg = Release|Any CPU
		{33B7FC99-33B1-4CC2-8FDD-3F9F563526DB}.Release|x86.Build.0 = Release|Any CPU
		{27729980-E695-40C7-B6F6-C39F03C7F2CF}.Debug|Any CPU.ActiveCfg = Debug|Any CPU
		{27729980-E695-40C7-B6F6-C39F03C7F2CF}.Debug|Any CPU.Build.0 = Debug|Any CPU
		{27729980-E695-40C7-B6F6-C39F03C7F2CF}.Debug|x64.ActiveCfg = Debug|Any CPU
		{27729980-E695-40C7-B6F6-C39F03C7F2CF}.Debug|x64.Build.0 = Debug|Any CPU
		{27729980-E695-40C7-B6F6-C39F03C7F2CF}.Debug|x86.ActiveCfg = Debug|Any CPU
		{27729980-E695-40C7-B6F6-C39F03C7F2CF}.Debug|x86.Build.0 = Debug|Any CPU
		{27729980-E695-40C7-B6F6-C39F03C7F2CF}.Release|Any CPU.ActiveCfg = Release|Any CPU
		{27729980-E695-40C7-B6F6-C39F03C7F2CF}.Release|Any CPU.Build.0 = Release|Any CPU
		{27729980-E695-40C7-B6F6-C39F03C7F2CF}.Release|x64.ActiveCfg = Release|Any CPU
		{27729980-E695-40C7-B6F6-C39F03C7F2CF}.Release|x64.Build.0 = Release|Any CPU
		{27729980-E695-40C7-B6F6-C39F03C7F2CF}.Release|x86.ActiveCfg = Release|Any CPU
		{27729980-E695-40C7-B6F6-C39F03C7F2CF}.Release|x86.Build.0 = Release|Any CPU
		{6296DCCB-144F-468F-8CD8-E954D7159C03}.Debug|Any CPU.ActiveCfg = Debug|Any CPU
		{6296DCCB-144F-468F-8CD8-E954D7159C03}.Debug|Any CPU.Build.0 = Debug|Any CPU
		{6296DCCB-144F-468F-8CD8-E954D7159C03}.Debug|x64.ActiveCfg = Debug|Any CPU
		{6296DCCB-144F-468F-8CD8-E954D7159C03}.Debug|x64.Build.0 = Debug|Any CPU
		{6296DCCB-144F-468F-8CD8-E954D7159C03}.Debug|x86.ActiveCfg = Debug|Any CPU
		{6296DCCB-144F-468F-8CD8-E954D7159C03}.Debug|x86.Build.0 = Debug|Any CPU
		{6296DCCB-144F-468F-8CD8-E954D7159C03}.Release|Any CPU.ActiveCfg = Release|Any CPU
		{6296DCCB-144F-468F-8CD8-E954D7159C03}.Release|Any CPU.Build.0 = Release|Any CPU
		{6296DCCB-144F-468F-8CD8-E954D7159C03}.Release|x64.ActiveCfg = Release|Any CPU
		{6296DCCB-144F-468F-8CD8-E954D7159C03}.Release|x64.Build.0 = Release|Any CPU
		{6296DCCB-144F-468F-8CD8-E954D7159C03}.Release|x86.ActiveCfg = Release|Any CPU
		{6296DCCB-144F-468F-8CD8-E954D7159C03}.Release|x86.Build.0 = Release|Any CPU
		{F77C74A8-4C78-4728-B49E-6C059C3CACA5}.Debug|Any CPU.ActiveCfg = Debug|Any CPU
		{F77C74A8-4C78-4728-B49E-6C059C3CACA5}.Debug|Any CPU.Build.0 = Debug|Any CPU
		{F77C74A8-4C78-4728-B49E-6C059C3CACA5}.Debug|x64.ActiveCfg = Debug|Any CPU
		{F77C74A8-4C78-4728-B49E-6C059C3CACA5}.Debug|x64.Build.0 = Debug|Any CPU
		{F77C74A8-4C78-4728-B49E-6C059C3CACA5}.Debug|x86.ActiveCfg = Debug|Any CPU
		{F77C74A8-4C78-4728-B49E-6C059C3CACA5}.Debug|x86.Build.0 = Debug|Any CPU
		{F77C74A8-4C78-4728-B49E-6C059C3CACA5}.Release|Any CPU.ActiveCfg = Release|Any CPU
		{F77C74A8-4C78-4728-B49E-6C059C3CACA5}.Release|Any CPU.Build.0 = Release|Any CPU
		{F77C74A8-4C78-4728-B49E-6C059C3CACA5}.Release|x64.ActiveCfg = Release|Any CPU
		{F77C74A8-4C78-4728-B49E-6C059C3CACA5}.Release|x64.Build.0 = Release|Any CPU
		{F77C74A8-4C78-4728-B49E-6C059C3CACA5}.Release|x86.ActiveCfg = Release|Any CPU
		{F77C74A8-4C78-4728-B49E-6C059C3CACA5}.Release|x86.Build.0 = Release|Any CPU
	EndGlobalSection
	GlobalSection(SolutionProperties) = preSolution
		HideSolutionNode = FALSE
	EndGlobalSection
	GlobalSection(ExtensibilityGlobals) = postSolution
		SolutionGuid = {5FCF062C-6289-4E24-BBBC-67B62AFA3D01}
	EndGlobalSection
EndGlobal
